
Microsoft Visual Studio Solution File, Format Version 12.00
# Visual Studio Version 17
VisualStudioVersion = 17.1.32407.343
MinimumVisualStudioVersion = 10.0.40219.1
Project("{FAE04EC0-301F-11D3-BF4B-00C04F79EFBC}") = "Pokemon_Weakness_Finder", "Pokemon_Weakness_Finder\Pokemon_Weakness_Finder.csproj", "{5DCAA60C-CE45-4AF1-8AD3-502EAC46ADF5}"
EndProject
Global
	GlobalSection(SolutionConfigurationPlatforms) = preSolution
		Debug|Any CPU = Debug|Any CPU
		Release|Any CPU = Release|Any CPU
	EndGlobalSection
	GlobalSection(ProjectConfigurationPlatforms) = postSolution
		{5DCAA60C-CE45-4AF1-8AD3-502EAC46ADF5}.Debug|Any CPU.ActiveCfg = Debug|Any CPU
		{5DCAA60C-CE45-4AF1-8AD3-502EAC46ADF5}.Debug|Any CPU.Build.0 = Debug|Any CPU
		{5DCAA60C-CE45-4AF1-8AD3-502EAC46ADF5}.Release|Any CPU.ActiveCfg = Release|Any CPU
		{5DCAA60C-CE45-4AF1-8AD3-502EAC46ADF5}.Release|Any CPU.Build.0 = Release|Any CPU
	EndGlobalSection
	GlobalSection(SolutionProperties) = preSolution
		HideSolutionNode = FALSE
	EndGlobalSection
	GlobalSection(ExtensibilityGlobals) = postSolution
		SolutionGuid = {E1AB07B9-A0D0-49D4-9E1C-65E2E2341F83}
	EndGlobalSection
EndGlobal
